{
  "name": "Zecathon",
  "lockfileVersion": 3,
  "requires": true,
  "packages": {
    "": {
      "dependencies": {
        "cac-verify": "^2.1.0"
      }
    },
    "node_modules/cac-verify": {
      "version": "2.1.0",
      "resolved": "https://registry.npmjs.org/cac-verify/-/cac-verify-2.1.0.tgz",
      "integrity": "sha512-YLGEbOTKC9UULdIGaCFYwzDNIC3Trlp4GIFErVPvxTNARP72ScXGtq3akJRBx4UtlSirsEJ8p90RaOF7UUUSjQ==",
      "deprecated": "Package no longer supported. Contact Support at https://www.npmjs.com/support for more info.",
      "license": "ISC"
    }
  }
}
